// !$*UTF8*$!
{
	archiveVersion = 1;
	classes = {
	};
	objectVersion = 56;
	objects = {

/* Begin PBXBuildFile section */
		C82A70342C71F71700372DAB /* swift_uiApp.swift in Sources */ = {isa = PBXBuildFile; fileRef = C82A70332C71F71700372DAB /* swift_uiApp.swift */; };
		C82A70362C71F71700372DAB /* ContentView.swift in Sources */ = {isa = PBXBuildFile; fileRef = C82A70352C71F71700372DAB /* ContentView.swift */; };
		C82A70382C71F71900372DAB /* Assets.xcassets in Resources */ = {isa = PBXBuildFile; fileRef = C82A70372C71F71900372DAB /* Assets.xcassets */; };
		C82A703B2C71F71900372DAB /* Preview Assets.xcassets in Resources */ = {isa = PBXBuildFile; fileRef = C82A703A2C71F71900372DAB /* Preview Assets.xcassets */; };
		C82A70612C71FCFE00372DAB /* MyObjectiveCClass.m in Sources */ = {isa = PBXBuildFile; fileRef = C82A70602C71FCFE00372DAB /* MyObjectiveCClass.m */; };
/* End PBXBuildFile section */

/* Begin PBXContainerItemProxy section */
		C82A70422C71F71900372DAB /* PBXContainerItemProxy */ = {
			isa = PBXContainerItemProxy;
			containerPortal = C82A70282C71F71700372DAB /* Project object */;
			proxyType = 1;
			remoteGlobalIDString = C82A702F2C71F71700372DAB;
			remoteInfo = swift_ui;
		};
		C82A704C2C71F71900372DAB /* PBXContainerItemProxy */ = {
			isa = PBXContainerItemProxy;
			containerPortal = C82A70282C71F71700372DAB /* Project object */;
			proxyType = 1;
			remoteGlobalIDString = C82A702F2C71F71700372DAB;
			remoteInfo = swift_ui;
		};
/* End PBXContainerItemProxy section */

/* Begin PBXFileReference section */
		C82A70302C71F71700372DAB /* swift_ui.app */ = {isa = PBXFileReference; explicitFileType = wrapper.application; includeInIndex = 0; path = swift_ui.app; sourceTree = BUILT_PRODUCTS_DIR; };
		C82A70332C71F71700372DAB /* swift_uiApp.swift */ = {isa = PBXFileReference; lastKnownFileType = sourcecode.swift; path = swift_uiApp.swift; sourceTree = "<group>"; };
		C82A70352C71F71700372DAB /* ContentView.swift */ = {isa = PBXFileReference; lastKnownFileType = sourcecode.swift; path = ContentView.swift; sourceTree = "<group>"; };
		C82A70372C71F71900372DAB /* Assets.xcassets */ = {isa = PBXFileReference; lastKnownFileType = folder.assetcatalog; path = Assets.xcassets; sourceTree = "<group>"; };
		C82A703A2C71F71900372DAB /* Preview Assets.xcassets */ = {isa = PBXFileReference; lastKnownFileType = folder.assetcatalog; path = "Preview Assets.xcassets"; sourceTree = "<group>"; };
		C82A703C2C71F71900372DAB /* swift_ui.entitlements */ = {isa = PBXFileReference; lastKnownFileType = text.plist.entitlements; path = swift_ui.entitlements; sourceTree = "<group>"; };
		C82A70412C71F71900372DAB /* swift_uiTests.xctest */ = {isa = PBXFileReference; explicitFileType = wrapper.cfbundle; includeInIndex = 0; path = swift_uiTests.xctest; sourceTree = BUILT_PRODUCTS_DIR; };
		C82A704B2C71F71900372DAB /* swift_uiUITests.xctest */ = {isa = PBXFileReference; explicitFileType = wrapper.cfbundle; includeInIndex = 0; path = swift_uiUITests.xctest; sourceTree = BUILT_PRODUCTS_DIR; };
		C82A705F2C71FCFE00372DAB /* swift_ui-Bridging-Header.h */ = {isa = PBXFileReference; lastKnownFileType = sourcecode.c.h; path = "swift_ui-Bridging-Header.h"; sourceTree = "<group>"; };
		C82A70602C71FCFE00372DAB /* MyObjectiveCClass.m */ = {isa = PBXFileReference; lastKnownFileType = sourcecode.c.objc; path = MyObjectiveCClass.m; sourceTree = "<group>"; };
		C82A70622C71FD3500372DAB /* MyObjectiveCClass.h */ = {isa = PBXFileReference; lastKnownFileType = sourcecode.c.h; path = MyObjectiveCClass.h; sourceTree = "<group>"; };
/* End PBXFileReference section */

/* Begin PBXFrameworksBuildPhase section */
		C82A702D2C71F71700372DAB /* Frameworks */ = {
			isa = PBXFrameworksBuildPhase;
			buildActionMask = 2147483647;
			files = (
			);
			runOnlyForDeploymentPostprocessing = 0;
		};
		C82A703E2C71F71900372DAB /* Frameworks */ = {
			isa = PBXFrameworksBuildPhase;
			buildActionMask = 2147483647;
			files = (
			);
			runOnlyForDeploymentPostprocessing = 0;
		};
		C82A70482C71F71900372DAB /* Frameworks */ = {
			isa = PBXFrameworksBuildPhase;
			buildActionMask = 2147483647;
			files = (
			);
			runOnlyForDeploymentPostprocessing = 0;
		};
/* End PBXFrameworksBuildPhase section */

/* Begin PBXGroup section */
		C82A70272C71F71700372DAB = {
			isa = PBXGroup;
			children = (
				C82A70322C71F71700372DAB /* swift_ui */,
				C82A70312C71F71700372DAB /* Products */,
			);
			sourceTree = "<group>";
		};
		C82A70312C71F71700372DAB /* Products */ = {
			isa = PBXGroup;
			children = (
				C82A70302C71F71700372DAB /* swift_ui.app */,
				C82A70412C71F71900372DAB /* swift_uiTests.xctest */,
				C82A704B2C71F71900372DAB /* swift_uiUITests.xctest */,
			);
			name = Products;
			sourceTree = "<group>";
		};
		C82A70322C71F71700372DAB /* swift_ui */ = {
			isa = PBXGroup;
			children = (
				C82A70332C71F71700372DAB /* swift_uiApp.swift */,
				C82A70352C71F71700372DAB /* ContentView.swift */,
				C82A70372C71F71900372DAB /* Assets.xcassets */,
				C82A703C2C71F71900372DAB /* swift_ui.entitlements */,
				C82A70392C71F71900372DAB /* Preview Content */,
				C82A70602C71FCFE00372DAB /* MyObjectiveCClass.m */,
				C82A705F2C71FCFE00372DAB /* swift_ui-Bridging-Header.h */,
				C82A70622C71FD3500372DAB /* MyObjectiveCClass.h */,
			);
			path = swift_ui;
			sourceTree = "<group>";
		};
		C82A70392C71F71900372DAB /* Preview Content */ = {
			isa = PBXGroup;
			children = (
				C82A703A2C71F71900372DAB /* Preview Assets.xcassets */,
			);
			path = "Preview Content";
			sourceTree = "<group>";
		};
/* End PBXGroup section */

/* Begin PBXNativeTarget section */
		C82A702F2C71F71700372DAB /* swift_ui */ = {
			isa = PBXNativeTarget;
			buildConfigurationList = C82A70552C71F71900372DAB /* Build configuration list for PBXNativeTarget "swift_ui" */;
			buildPhases = (
				C82A702C2C71F71700372DAB /* Sources */,
				C82A702D2C71F71700372DAB /* Frameworks */,
				C82A702E2C71F71700372DAB /* Resources */,
			);
			buildRules = (
			);
			dependencies = (
			);
			name = swift_ui;
			productName = swift_ui;
			productReference = C82A70302C71F71700372DAB /* swift_ui.app */;
			productType = "com.apple.product-type.application";
		};
		C82A70402C71F71900372DAB /* swift_uiTests */ = {
			isa = PBXNativeTarget;
			buildConfigurationList = C82A70582C71F71900372DAB /* Build configuration list for PBXNativeTarget "swift_uiTests" */;
			buildPhases = (
				C82A703D2C71F71900372DAB /* Sources */,
				C82A703E2C71F71900372DAB /* Frameworks */,
				C82A703F2C71F71900372DAB /* Resources */,
			);
			buildRules = (
			);
			dependencies = (
				C82A70432C71F71900372DAB /* PBXTargetDependency */,
			);
			name = swift_uiTests;
			productName = swift_uiTests;
			productReference = C82A70412C71F71900372DAB /* swift_uiTests.xctest */;
			productType = "com.apple.product-type.bundle.unit-test";
		};
		C82A704A2C71F71900372DAB /* swift_uiUITests */ = {
			isa = PBXNativeTarget;
			buildConfigurationList = C82A705B2C71F71900372DAB /* Build configuration list for PBXNativeTarget "swift_uiUITests" */;
			buildPhases = (
				C82A70472C71F71900372DAB /* Sources */,
				C82A70482C71F71900372DAB /* Frameworks */,
				C82A70492C71F71900372DAB /* Resources */,
			);
			buildRules = (
			);
			dependencies = (
				C82A704D2C71F71900372DAB /* PBXTargetDependency */,
			);
			name = swift_uiUITests;
			productName = swift_uiUITests;
			productReference = C82A704B2C71F71900372DAB /* swift_uiUITests.xctest */;
			productType = "com.apple.product-type.bundle.ui-testing";
		};
/* End PBXNativeTarget section */

/* Begin PBXProject section */
		C82A70282C71F71700372DAB /* Project object */ = {
			isa = PBXProject;
			attributes = {
				BuildIndependentTargetsInParallel = 1;
				LastSwiftUpdateCheck = 1520;
				LastUpgradeCheck = 1520;
				TargetAttributes = {
					C82A702F2C71F71700372DAB = {
						CreatedOnToolsVersion = 15.2;
						LastSwiftMigration = 1520;
					};
					C82A70402C71F71900372DAB = {
						CreatedOnToolsVersion = 15.2;
						TestTargetID = C82A702F2C71F71700372DAB;
					};
					C82A704A2C71F71900372DAB = {
						CreatedOnToolsVersion = 15.2;
						TestTargetID = C82A702F2C71F71700372DAB;
					};
				};
			};
			buildConfigurationList = C82A702B2C71F71700372DAB /* Build configuration list for PBXProject "swift_ui" */;
			compatibilityVersion = "Xcode 14.0";
			developmentRegion = en;
			hasScannedForEncodings = 0;
			knownRegions = (
				en,
				Base,
			);
			mainGroup = C82A70272C71F71700372DAB;
			productRefGroup = C82A70312C71F71700372DAB /* Products */;
			projectDirPath = "";
			projectRoot = "";
			targets = (
				C82A702F2C71F71700372DAB /* swift_ui */,
				C82A70402C71F71900372DAB /* swift_uiTests */,
				C82A704A2C71F71900372DAB /* swift_uiUITests */,
			);
		};
/* End PBXProject section */

/* Begin PBXResourcesBuildPhase section */
		C82A702E2C71F71700372DAB /* Resources */ = {
			isa = PBXResourcesBuildPhase;
			buildActionMask = 2147483647;
			files = (
				C82A703B2C71F71900372DAB /* Preview Assets.xcassets in Resources */,
				C82A70382C71F71900372DAB /* Assets.xcassets in Resources */,
			);
			runOnlyForDeploymentPostprocessing = 0;
		};
		C82A703F2C71F71900372DAB /* Resources */ = {
			isa = PBXResourcesBuildPhase;
			buildActionMask = 2147483647;
			files = (
			);
			runOnlyForDeploymentPostprocessing = 0;
		};
		C82A70492C71F71900372DAB /* Resources */ = {
			isa = PBXResourcesBuildPhase;
			buildActionMask = 2147483647;
			files = (
			);
			runOnlyForDeploymentPostprocessing = 0;
		};
/* End PBXResourcesBuildPhase section */

/* Begin PBXSourcesBuildPhase section */
		C82A702C2C71F71700372DAB /* Sources */ = {
			isa = PBXSourcesBuildPhase;
			buildActionMask = 2147483647;
			files = (
				C82A70362C71F71700372DAB /* ContentView.swift in Sources */,
				C82A70342C71F71700372DAB /* swift_uiApp.swift in Sources */,
				C82A70612C71FCFE00372DAB /* MyObjectiveCClass.m in Sources */,
			);
			runOnlyForDeploymentPostprocessing = 0;
		};
		C82A703D2C71F71900372DAB /* Sources */ = {
			isa = PBXSourcesBuildPhase;
			buildActionMask = 2147483647;
			files = (
			);
			runOnlyForDeploymentPostprocessing = 0;
		};
		C82A70472C71F71900372DAB /* Sources */ = {
			isa = PBXSourcesBuildPhase;
			buildActionMask = 2147483647;
			files = (
			);
			runOnlyForDeploymentPostprocessing = 0;
		};
/* End PBXSourcesBuildPhase section */

/* Begin PBXTargetDependency section */
		C82A70432C71F71900372DAB /* PBXTargetDependency */ = {
			isa = PBXTargetDependency;
			target = C82A702F2C71F71700372DAB /* swift_ui */;
			targetProxy = C82A70422C71F71900372DAB /* PBXContainerItemProxy */;
		};
		C82A704D2C71F71900372DAB /* PBXTargetDependency */ = {
			isa = PBXTargetDependency;
			target = C82A702F2C71F71700372DAB /* swift_ui */;
			targetProxy = C82A704C2C71F71900372DAB /* PBXContainerItemProxy */;
		};
/* End PBXTargetDependency section */

/* Begin XCBuildConfiguration section */
		C82A70532C71F71900372DAB /* Debug */ = {
			isa = XCBuildConfiguration;
			buildSettings = {
				ALWAYS_SEARCH_USER_PATHS = NO;
				ASSETCATALOG_COMPILER_GENERATE_SWIFT_ASSET_SYMBOL_EXTENSIONS = YES;
				CLANG_ANALYZER_NONNULL = YES;
				CLANG_ANALYZER_NUMBER_OBJECT_CONVERSION = YES_AGGRESSIVE;
				CLANG_CXX_LANGUAGE_STANDARD = "gnu++20";
				CLANG_ENABLE_MODULES = YES;
				CLANG_ENABLE_OBJC_ARC = YES;
				CLANG_ENABLE_OBJC_WEAK = YES;
				CLANG_WARN_BLOCK_CAPTURE_AUTORELEASING = YES;
				CLANG_WARN_BOOL_CONVERSION = YES;
				CLANG_WARN_COMMA = YES;
				CLANG_WARN_CONSTANT_CONVERSION = YES;
				CLANG_WARN_DEPRECATED_OBJC_IMPLEMENTATIONS = YES;
				CLANG_WARN_DIRECT_OBJC_ISA_USAGE = YES_ERROR;
				CLANG_WARN_DOCUMENTATION_COMMENTS = YES;
				CLANG_WARN_EMPTY_BODY = YES;
				CLANG_WARN_ENUM_CONVERSION = YES;
				CLANG_WARN_INFINITE_RECURSION = YES;
				CLANG_WARN_INT_CONVERSION = YES;
				CLANG_WARN_NON_LITERAL_NULL_CONVERSION = YES;
				CLANG_WARN_OBJC_IMPLICIT_RETAIN_SELF = YES;
				CLANG_WARN_OBJC_LITERAL_CONVERSION = YES;
				CLANG_WARN_OBJC_ROOT_CLASS = YES_ERROR;
				CLANG_WARN_QUOTED_INCLUDE_IN_FRAMEWORK_HEADER = YES;
				CLANG_WARN_RANGE_LOOP_ANALYSIS = YES;
				CLANG_WARN_STRICT_PROTOTYPES = YES;
				CLANG_WARN_SUSPICIOUS_MOVE = YES;
				CLANG_WARN_UNGUARDED_AVAILABILITY = YES_AGGRESSIVE;
				CLANG_WARN_UNREACHABLE_CODE = YES;
				CLANG_WARN__DUPLICATE_METHOD_MATCH = YES;
				COPY_PHASE_STRIP = NO;
				DEBUG_INFORMATION_FORMAT = dwarf;
				ENABLE_STRICT_OBJC_MSGSEND = YES;
				ENABLE_TESTABILITY = YES;
				ENABLE_USER_SCRIPT_SANDBOXING = YES;
				GCC_C_LANGUAGE_STANDARD = gnu17;
				GCC_DYNAMIC_NO_PIC = NO;
				GCC_NO_COMMON_BLOCKS = YES;
				GCC_OPTIMIZATION_LEVEL = 0;
				GCC_PREPROCESSOR_DEFINITIONS = (
					"DEBUG=1",
					"$(inherited)",
				);
				GCC_WARN_64_TO_32_BIT_CONVERSION = YES;
				GCC_WARN_ABOUT_RETURN_TYPE = YES_ERROR;
				GCC_WARN_UNDECLARED_SELECTOR = YES;
				GCC_WARN_UNINITIALIZED_AUTOS = YES_AGGRESSIVE;
				GCC_WARN_UNUSED_FUNCTION = YES;
				GCC_WARN_UNUSED_VARIABLE = YES;
				LOCALIZATION_PREFERS_STRING_CATALOGS = YES;
				MACOSX_DEPLOYMENT_TARGET = 13.6;
				MTL_ENABLE_DEBUG_INFO = INCLUDE_SOURCE;
				MTL_FAST_MATH = YES;
				ONLY_ACTIVE_ARCH = YES;
				SDKROOT = macosx;
				SWIFT_ACTIVE_COMPILATION_CONDITIONS = "DEBUG $(inherited)";
				SWIFT_OPTIMIZATION_LEVEL = "-Onone";
			};
			name = Debug;
		};
		C82A70542C71F71900372DAB /* Release */ = {
			isa = XCBuildConfiguration;
			buildSettings = {
				ALWAYS_SEARCH_USER_PATHS = NO;
				ASSETCATALOG_COMPILER_GENERATE_SWIFT_ASSET_SYMBOL_EXTENSIONS = YES;
				CLANG_ANALYZER_NONNULL = YES;
				CLANG_ANALYZER_NUMBER_OBJECT_CONVERSION = YES_AGGRESSIVE;
				CLANG_CXX_LANGUAGE_STANDARD = "gnu++20";
				CLANG_ENABLE_MODULES = YES;
				CLANG_ENABLE_OBJC_ARC = YES;
				CLANG_ENABLE_OBJC_WEAK = YES;
				CLANG_WARN_BLOCK_CAPTURE_AUTORELEASING = YES;
				CLANG_WARN_BOOL_CONVERSION = YES;
				CLANG_WARN_COMMA = YES;
				CLANG_WARN_CONSTANT_CONVERSION = YES;
				CLANG_WARN_DEPRECATED_OBJC_IMPLEMENTATIONS = YES;
				CLANG_WARN_DIRECT_OBJC_ISA_USAGE = YES_ERROR;
				CLANG_WARN_DOCUMENTATION_COMMENTS = YES;
				CLANG_WARN_EMPTY_BODY = YES;
				CLANG_WARN_ENUM_CONVERSION = YES;
				CLANG_WARN_INFINITE_RECURSION = YES;
				CLANG_WARN_INT_CONVERSION = YES;
				CLANG_WARN_NON_LITERAL_NULL_CONVERSION = YES;
				CLANG_WARN_OBJC_IMPLICIT_RETAIN_SELF = YES;
				CLANG_WARN_OBJC_LITERAL_CONVERSION = YES;
				CLANG_WARN_OBJC_ROOT_CLASS = YES_ERROR;
				CLANG_WARN_QUOTED_INCLUDE_IN_FRAMEWORK_HEADER = YES;
				CLANG_WARN_RANGE_LOOP_ANALYSIS = YES;
				CLANG_WARN_STRICT_PROTOTYPES = YES;
				CLANG_WARN_SUSPICIOUS_MOVE = YES;
				CLANG_WARN_UNGUARDED_AVAILABILITY = YES_AGGRESSIVE;
				CLANG_WARN_UNREACHABLE_CODE = YES;
				CLANG_WARN__DUPLICATE_METHOD_MATCH = YES;
				COPY_PHASE_STRIP = NO;
				DEBUG_INFORMATION_FORMAT = "dwarf-with-dsym";
				ENABLE_NS_ASSERTIONS = NO;
				ENABLE_STRICT_OBJC_MSGSEND = YES;
				ENABLE_USER_SCRIPT_SANDBOXING = YES;
				GCC_C_LANGUAGE_STANDARD = gnu17;
				GCC_NO_COMMON_BLOCKS = YES;
				GCC_WARN_64_TO_32_BIT_CONVERSION = YES;
				GCC_WARN_ABOUT_RETURN_TYPE = YES_ERROR;
				GCC_WARN_UNDECLARED_SELECTOR = YES;
				GCC_WARN_UNINITIALIZED_AUTOS = YES_AGGRESSIVE;
				GCC_WARN_UNUSED_FUNCTION = YES;
				GCC_WARN_UNUSED_VARIABLE = YES;
				LOCALIZATION_PREFERS_STRING_CATALOGS = YES;
				MACOSX_DEPLOYMENT_TARGET = 13.6;
				MTL_ENABLE_DEBUG_INFO = NO;
				MTL_FAST_MATH = YES;
				SDKROOT = macosx;
				SWIFT_COMPILATION_MODE = wholemodule;
			};
			name = Release;
		};
		C82A70562C71F71900372DAB /* Debug */ = {
			isa = XCBuildConfiguration;
			buildSettings = {
				ASSETCATALOG_COMPILER_APPICON_NAME = AppIcon;
				ASSETCATALOG_COMPILER_GLOBAL_ACCENT_COLOR_NAME = AccentColor;
				CLANG_ENABLE_MODULES = YES;
				CODE_SIGN_ENTITLEMENTS = swift_ui/swift_ui.entitlements;
				CODE_SIGN_STYLE = Automatic;
				COMBINE_HIDPI_IMAGES = YES;
				CURRENT_PROJECT_VERSION = 1;
				DEVELOPMENT_ASSET_PATHS = "\"swift_ui/Preview Content\"";
				ENABLE_PREVIEWS = YES;
				GENERATE_INFOPLIST_FILE = YES;
				INFOPLIST_KEY_NSHumanReadableCopyright = "";
				LD_RUNPATH_SEARCH_PATHS = (
					"$(inherited)",
					"@executable_path/../Frameworks",
				);
				MARKETING_VERSION = 1.0;
				PRODUCT_BUNDLE_IDENTIFIER = "comoco.swift-ui";
				PRODUCT_NAME = "$(TARGET_NAME)";
				SWIFT_EMIT_LOC_STRINGS = YES;
				SWIFT_OBJC_BRIDGING_HEADER = "swift_ui/swift_ui-Bridging-Header.h";
				SWIFT_OPTIMIZATION_LEVEL = "-Onone";
				SWIFT_VERSION = 5.0;
			};
			name = Debug;
		};
		C82A70572C71F71900372DAB /* Release */ = {
			isa = XCBuildConfiguration;
			buildSettings = {
				ASSETCATALOG_COMPILER_APPICON_NAME = AppIcon;
				ASSETCATALOG_COMPILER_GLOBAL_ACCENT_COLOR_NAME = AccentColor;
				CLANG_ENABLE_MODULES = YES;
				CODE_SIGN_ENTITLEMENTS = swift_ui/swift_ui.entitlements;
				CODE_SIGN_STYLE = Automatic;
				COMBINE_HIDPI_IMAGES = YES;
				CURRENT_PROJECT_VERSION = 1;
				DEVELOPMENT_ASSET_PATHS = "\"swift_ui/Preview Content\"";
				ENABLE_PREVIEWS = YES;
				GENERATE_INFOPLIST_FILE = YES;
				INFOPLIST_KEY_NSHumanReadableCopyright = "";
				LD_RUNPATH_SEARCH_PATHS = (
					"$(inherited)",
					"@executable_path/../Frameworks",
				);
				MARKETING_VERSION = 1.0;
				PRODUCT_BUNDLE_IDENTIFIER = "comoco.swift-ui";
				PRODUCT_NAME = "$(TARGET_NAME)";
				SWIFT_EMIT_LOC_STRINGS = YES;
				SWIFT_OBJC_BRIDGING_HEADER = "swift_ui/swift_ui-Bridging-Header.h";
				SWIFT_VERSION = 5.0;
			};
			name = Release;
		};
		C82A70592C71F71900372DAB /* Debug */ = {
			isa = XCBuildConfiguration;
			buildSettings = {
				ALWAYS_EMBED_SWIFT_STANDARD_LIBRARIES = YES;
				BUNDLE_LOADER = "$(TEST_HOST)";
				CODE_SIGN_STYLE = Automatic;
				CURRENT_PROJECT_VERSION = 1;
				GENERATE_INFOPLIST_FILE = YES;
				MACOSX_DEPLOYMENT_TARGET = 13.6;
				MARKETING_VERSION = 1.0;
				PRODUCT_BUNDLE_IDENTIFIER = "comoco.swift-uiTests";
				PRODUCT_NAME = "$(TARGET_NAME)";
				SWIFT_EMIT_LOC_STRINGS = NO;
				SWIFT_VERSION = 5.0;
				TEST_HOST = "$(BUILT_PRODUCTS_DIR)/swift_ui.app/$(BUNDLE_EXECUTABLE_FOLDER_PATH)/swift_ui";
			};
			name = Debug;
		};
		C82A705A2C71F71900372DAB /* Release */ = {
			isa = XCBuildConfiguration;
			buildSettings = {
				ALWAYS_EMBED_SWIFT_STANDARD_LIBRARIES = YES;
				BUNDLE_LOADER = "$(TEST_HOST)";
				CODE_SIGN_STYLE = Automatic;
				CURRENT_PROJECT_VERSION = 1;
				GENERATE_INFOPLIST_FILE = YES;
				MACOSX_DEPLOYMENT_TARGET = 13.6;
				MARKETING_VERSION = 1.0;
				PRODUCT_BUNDLE_IDENTIFIER = "comoco.swift-uiTests";
				PRODUCT_NAME = "$(TARGET_NAME)";
				SWIFT_EMIT_LOC_STRINGS = NO;
				SWIFT_VERSION = 5.0;
				TEST_HOST = "$(BUILT_PRODUCTS_DIR)/swift_ui.app/$(BUNDLE_EXECUTABLE_FOLDER_PATH)/swift_ui";
			};
			name = Release;
		};
		C82A705C2C71F71900372DAB /* Debug */ = {
			isa = XCBuildConfiguration;
			buildSettings = {
				ALWAYS_EMBED_SWIFT_STANDARD_LIBRARIES = YES;
				CODE_SIGN_STYLE = Automatic;
				CURRENT_PROJECT_VERSION = 1;
				GENERATE_INFOPLIST_FILE = YES;
				MARKETING_VERSION = 1.0;
				PRODUCT_BUNDLE_IDENTIFIER = "comoco.swift-uiUITests";
				PRODUCT_NAME = "$(TARGET_NAME)";
				SWIFT_EMIT_LOC_STRINGS = NO;
				SWIFT_VERSION = 5.0;
				TEST_TARGET_NAME = swift_ui;
			};
			name = Debug;
		};
		C82A705D2C71F71900372DAB /* Release */ = {
			isa = XCBuildConfiguration;
			buildSettings = {
				ALWAYS_EMBED_SWIFT_STANDARD_LIBRARIES = YES;
				CODE_SIGN_STYLE = Automatic;
				CURRENT_PROJECT_VERSION = 1;
				GENERATE_INFOPLIST_FILE = YES;
				MARKETING_VERSION = 1.0;
				PRODUCT_BUNDLE_IDENTIFIER = "comoco.swift-uiUITests";
				PRODUCT_NAME = "$(TARGET_NAME)";
				SWIFT_EMIT_LOC_STRINGS = NO;
				SWIFT_VERSION = 5.0;
				TEST_TARGET_NAME = swift_ui;
			};
			name = Release;
		};
/* End XCBuildConfiguration section */

/* Begin XCConfigurationList section */
		C82A702B2C71F71700372DAB /* Build configuration list for PBXProject "swift_ui" */ = {
			isa = XCConfigurationList;
			buildConfigurations = (
				C82A70532C71F71900372DAB /* Debug */,
				C82A70542C71F71900372DAB /* Release */,
			);
			defaultConfigurationIsVisible = 0;
			defaultConfigurationName = Release;
		};
		C82A70552C71F71900372DAB /* Build configuration list for PBXNativeTarget "swift_ui" */ = {
			isa = XCConfigurationList;
			buildConfigurations = (
				C82A70562C71F71900372DAB /* Debug */,
				C82A70572C71F71900372DAB /* Release */,
			);
			defaultConfigurationIsVisible = 0;
			defaultConfigurationName = Release;
		};
		C82A70582C71F71900372DAB /* Build configuration list for PBXNativeTarget "swift_uiTests" */ = {
			isa = XCConfigurationList;
			buildConfigurations = (
				C82A70592C71F71900372DAB /* Debug */,
				C82A705A2C71F71900372DAB /* Release */,
			);
			defaultConfigurationIsVisible = 0;
			defaultConfigurationName = Release;
		};
		C82A705B2C71F71900372DAB /* Build configuration list for PBXNativeTarget "swift_uiUITests" */ = {
			isa = XCConfigurationList;
			buildConfigurations = (
				C82A705C2C71F71900372DAB /* Debug */,
				C82A705D2C71F71900372DAB /* Release */,
			);
			defaultConfigurationIsVisible = 0;
			defaultConfigurationName = Release;
		};
/* End XCConfigurationList section */
	};
	rootObject = C82A70282C71F71700372DAB /* Project object */;
}
