// !$*UTF8*$!
{
	archiveVersion = 1;
	classes = {
	};
	objectVersion = 56;
	objects = {

/* Begin PBXBuildFile section */
		C83D7B0C2C27BD770095A045 /* macos_app_testApp.swift in Sources */ = {isa = PBXBuildFile; fileRef = C83D7B0B2C27BD770095A045 /* macos_app_testApp.swift */; };
		C83D7B0E2C27BD770095A045 /* ContentView.swift in Sources */ = {isa = PBXBuildFile; fileRef = C83D7B0D2C27BD770095A045 /* ContentView.swift */; };
		C83D7B102C27BD780095A045 /* Assets.xcassets in Resources */ = {isa = PBXBuildFile; fileRef = C83D7B0F2C27BD780095A045 /* Assets.xcassets */; };
		C83D7B142C27BD780095A045 /* Preview Assets.xcassets in Resources */ = {isa = PBXBuildFile; fileRef = C83D7B132C27BD780095A045 /* Preview Assets.xcassets */; };
		C83D7B1E2C27BD790095A045 /* macos_app_testTests.swift in Sources */ = {isa = PBXBuildFile; fileRef = C83D7B1D2C27BD790095A045 /* macos_app_testTests.swift */; };
		C83D7B282C27BD790095A045 /* macos_app_testUITests.swift in Sources */ = {isa = PBXBuildFile; fileRef = C83D7B272C27BD790095A045 /* macos_app_testUITests.swift */; };
		C83D7B2A2C27BD790095A045 /* macos_app_testUITestsLaunchTests.swift in Sources */ = {isa = PBXBuildFile; fileRef = C83D7B292C27BD790095A045 /* macos_app_testUITestsLaunchTests.swift */; };
/* End PBXBuildFile section */

/* Begin PBXContainerItemProxy section */
		C83D7B1A2C27BD790095A045 /* PBXContainerItemProxy */ = {
			isa = PBXContainerItemProxy;
			containerPortal = C83D7B002C27BD770095A045 /* Project object */;
			proxyType = 1;
			remoteGlobalIDString = C83D7B072C27BD770095A045;
			remoteInfo = macos_app_test;
		};
		C83D7B242C27BD790095A045 /* PBXContainerItemProxy */ = {
			isa = PBXContainerItemProxy;
			containerPortal = C83D7B002C27BD770095A045 /* Project object */;
			proxyType = 1;
			remoteGlobalIDString = C83D7B072C27BD770095A045;
			remoteInfo = macos_app_test;
		};
/* End PBXContainerItemProxy section */

/* Begin PBXFileReference section */
		C83D7B082C27BD770095A045 /* macos_app_test.app */ = {isa = PBXFileReference; explicitFileType = wrapper.application; includeInIndex = 0; path = macos_app_test.app; sourceTree = BUILT_PRODUCTS_DIR; };
		C83D7B0B2C27BD770095A045 /* macos_app_testApp.swift */ = {isa = PBXFileReference; lastKnownFileType = sourcecode.swift; path = macos_app_testApp.swift; sourceTree = "<group>"; };
		C83D7B0D2C27BD770095A045 /* ContentView.swift */ = {isa = PBXFileReference; lastKnownFileType = sourcecode.swift; path = ContentView.swift; sourceTree = "<group>"; };
		C83D7B0F2C27BD780095A045 /* Assets.xcassets */ = {isa = PBXFileReference; lastKnownFileType = folder.assetcatalog; path = Assets.xcassets; sourceTree = "<group>"; };
		C83D7B112C27BD780095A045 /* macos_app_test.entitlements */ = {isa = PBXFileReference; lastKnownFileType = text.plist.entitlements; path = macos_app_test.entitlements; sourceTree = "<group>"; };
		C83D7B132C27BD780095A045 /* Preview Assets.xcassets */ = {isa = PBXFileReference; lastKnownFileType = folder.assetcatalog; path = "Preview Assets.xcassets"; sourceTree = "<group>"; };
		C83D7B192C27BD790095A045 /* macos_app_testTests.xctest */ = {isa = PBXFileReference; explicitFileType = wrapper.cfbundle; includeInIndex = 0; path = macos_app_testTests.xctest; sourceTree = BUILT_PRODUCTS_DIR; };
		C83D7B1D2C27BD790095A045 /* macos_app_testTests.swift */ = {isa = PBXFileReference; lastKnownFileType = sourcecode.swift; path = macos_app_testTests.swift; sourceTree = "<group>"; };
		C83D7B232C27BD790095A045 /* macos_app_testUITests.xctest */ = {isa = PBXFileReference; explicitFileType = wrapper.cfbundle; includeInIndex = 0; path = macos_app_testUITests.xctest; sourceTree = BUILT_PRODUCTS_DIR; };
		C83D7B272C27BD790095A045 /* macos_app_testUITests.swift */ = {isa = PBXFileReference; lastKnownFileType = sourcecode.swift; path = macos_app_testUITests.swift; sourceTree = "<group>"; };
		C83D7B292C27BD790095A045 /* macos_app_testUITestsLaunchTests.swift */ = {isa = PBXFileReference; lastKnownFileType = sourcecode.swift; path = macos_app_testUITestsLaunchTests.swift; sourceTree = "<group>"; };
/* End PBXFileReference section */

/* Begin PBXFrameworksBuildPhase section */
		C83D7B052C27BD770095A045 /* Frameworks */ = {
			isa = PBXFrameworksBuildPhase;
			buildActionMask = 2147483647;
			files = (
			);
			runOnlyForDeploymentPostprocessing = 0;
		};
		C83D7B162C27BD790095A045 /* Frameworks */ = {
			isa = PBXFrameworksBuildPhase;
			buildActionMask = 2147483647;
			files = (
			);
			runOnlyForDeploymentPostprocessing = 0;
		};
		C83D7B202C27BD790095A045 /* Frameworks */ = {
			isa = PBXFrameworksBuildPhase;
			buildActionMask = 2147483647;
			files = (
			);
			runOnlyForDeploymentPostprocessing = 0;
		};
/* End PBXFrameworksBuildPhase section */

/* Begin PBXGroup section */
		C83D7AFF2C27BD770095A045 = {
			isa = PBXGroup;
			children = (
				C83D7B0A2C27BD770095A045 /* macos_app_test */,
				C83D7B1C2C27BD790095A045 /* macos_app_testTests */,
				C83D7B262C27BD790095A045 /* macos_app_testUITests */,
				C83D7B092C27BD770095A045 /* Products */,
			);
			sourceTree = "<group>";
		};
		C83D7B092C27BD770095A045 /* Products */ = {
			isa = PBXGroup;
			children = (
				C83D7B082C27BD770095A045 /* macos_app_test.app */,
				C83D7B192C27BD790095A045 /* macos_app_testTests.xctest */,
				C83D7B232C27BD790095A045 /* macos_app_testUITests.xctest */,
			);
			name = Products;
			sourceTree = "<group>";
		};
		C83D7B0A2C27BD770095A045 /* macos_app_test */ = {
			isa = PBXGroup;
			children = (
				C83D7B0B2C27BD770095A045 /* macos_app_testApp.swift */,
				C83D7B0D2C27BD770095A045 /* ContentView.swift */,
				C83D7B0F2C27BD780095A045 /* Assets.xcassets */,
				C83D7B112C27BD780095A045 /* macos_app_test.entitlements */,
				C83D7B122C27BD780095A045 /* Preview Content */,
			);
			path = macos_app_test;
			sourceTree = "<group>";
		};
		C83D7B122C27BD780095A045 /* Preview Content */ = {
			isa = PBXGroup;
			children = (
				C83D7B132C27BD780095A045 /* Preview Assets.xcassets */,
			);
			path = "Preview Content";
			sourceTree = "<group>";
		};
		C83D7B1C2C27BD790095A045 /* macos_app_testTests */ = {
			isa = PBXGroup;
			children = (
				C83D7B1D2C27BD790095A045 /* macos_app_testTests.swift */,
			);
			path = macos_app_testTests;
			sourceTree = "<group>";
		};
		C83D7B262C27BD790095A045 /* macos_app_testUITests */ = {
			isa = PBXGroup;
			children = (
				C83D7B272C27BD790095A045 /* macos_app_testUITests.swift */,
				C83D7B292C27BD790095A045 /* macos_app_testUITestsLaunchTests.swift */,
			);
			path = macos_app_testUITests;
			sourceTree = "<group>";
		};
/* End PBXGroup section */

/* Begin PBXNativeTarget section */
		C83D7B072C27BD770095A045 /* macos_app_test */ = {
			isa = PBXNativeTarget;
			buildConfigurationList = C83D7B2D2C27BD790095A045 /* Build configuration list for PBXNativeTarget "macos_app_test" */;
			buildPhases = (
				C83D7B042C27BD770095A045 /* Sources */,
				C83D7B052C27BD770095A045 /* Frameworks */,
				C83D7B062C27BD770095A045 /* Resources */,
			);
			buildRules = (
			);
			dependencies = (
			);
			name = macos_app_test;
			productName = macos_app_test;
			productReference = C83D7B082C27BD770095A045 /* macos_app_test.app */;
			productType = "com.apple.product-type.application";
		};
		C83D7B182C27BD790095A045 /* macos_app_testTests */ = {
			isa = PBXNativeTarget;
			buildConfigurationList = C83D7B302C27BD790095A045 /* Build configuration list for PBXNativeTarget "macos_app_testTests" */;
			buildPhases = (
				C83D7B152C27BD790095A045 /* Sources */,
				C83D7B162C27BD790095A045 /* Frameworks */,
				C83D7B172C27BD790095A045 /* Resources */,
			);
			buildRules = (
			);
			dependencies = (
				C83D7B1B2C27BD790095A045 /* PBXTargetDependency */,
			);
			name = macos_app_testTests;
			productName = macos_app_testTests;
			productReference = C83D7B192C27BD790095A045 /* macos_app_testTests.xctest */;
			productType = "com.apple.product-type.bundle.unit-test";
		};
		C83D7B222C27BD790095A045 /* macos_app_testUITests */ = {
			isa = PBXNativeTarget;
			buildConfigurationList = C83D7B332C27BD790095A045 /* Build configuration list for PBXNativeTarget "macos_app_testUITests" */;
			buildPhases = (
				C83D7B1F2C27BD790095A045 /* Sources */,
				C83D7B202C27BD790095A045 /* Frameworks */,
				C83D7B212C27BD790095A045 /* Resources */,
			);
			buildRules = (
			);
			dependencies = (
				C83D7B252C27BD790095A045 /* PBXTargetDependency */,
			);
			name = macos_app_testUITests;
			productName = macos_app_testUITests;
			productReference = C83D7B232C27BD790095A045 /* macos_app_testUITests.xctest */;
			productType = "com.apple.product-type.bundle.ui-testing";
		};
/* End PBXNativeTarget section */

/* Begin PBXProject section */
		C83D7B002C27BD770095A045 /* Project object */ = {
			isa = PBXProject;
			attributes = {
				BuildIndependentTargetsInParallel = 1;
				LastSwiftUpdateCheck = 1520;
				LastUpgradeCheck = 1520;
				TargetAttributes = {
					C83D7B072C27BD770095A045 = {
						CreatedOnToolsVersion = 15.2;
					};
					C83D7B182C27BD790095A045 = {
						CreatedOnToolsVersion = 15.2;
						TestTargetID = C83D7B072C27BD770095A045;
					};
					C83D7B222C27BD790095A045 = {
						CreatedOnToolsVersion = 15.2;
						TestTargetID = C83D7B072C27BD770095A045;
					};
				};
			};
			buildConfigurationList = C83D7B032C27BD770095A045 /* Build configuration list for PBXProject "macos_app_test" */;
			compatibilityVersion = "Xcode 14.0";
			developmentRegion = en;
			hasScannedForEncodings = 0;
			knownRegions = (
				en,
				Base,
			);
			mainGroup = C83D7AFF2C27BD770095A045;
			productRefGroup = C83D7B092C27BD770095A045 /* Products */;
			projectDirPath = "";
			projectRoot = "";
			targets = (
				C83D7B072C27BD770095A045 /* macos_app_test */,
				C83D7B182C27BD790095A045 /* macos_app_testTests */,
				C83D7B222C27BD790095A045 /* macos_app_testUITests */,
			);
		};
/* End PBXProject section */

/* Begin PBXResourcesBuildPhase section */
		C83D7B062C27BD770095A045 /* Resources */ = {
			isa = PBXResourcesBuildPhase;
			buildActionMask = 2147483647;
			files = (
				C83D7B142C27BD780095A045 /* Preview Assets.xcassets in Resources */,
				C83D7B102C27BD780095A045 /* Assets.xcassets in Resources */,
			);
			runOnlyForDeploymentPostprocessing = 0;
		};
		C83D7B172C27BD790095A045 /* Resources */ = {
			isa = PBXResourcesBuildPhase;
			buildActionMask = 2147483647;
			files = (
			);
			runOnlyForDeploymentPostprocessing = 0;
		};
		C83D7B212C27BD790095A045 /* Resources */ = {
			isa = PBXResourcesBuildPhase;
			buildActionMask = 2147483647;
			files = (
			);
			runOnlyForDeploymentPostprocessing = 0;
		};
/* End PBXResourcesBuildPhase section */

/* Begin PBXSourcesBuildPhase section */
		C83D7B042C27BD770095A045 /* Sources */ = {
			isa = PBXSourcesBuildPhase;
			buildActionMask = 2147483647;
			files = (
				C83D7B0E2C27BD770095A045 /* ContentView.swift in Sources */,
				C83D7B0C2C27BD770095A045 /* macos_app_testApp.swift in Sources */,
			);
			runOnlyForDeploymentPostprocessing = 0;
		};
		C83D7B152C27BD790095A045 /* Sources */ = {
			isa = PBXSourcesBuildPhase;
			buildActionMask = 2147483647;
			files = (
				C83D7B1E2C27BD790095A045 /* macos_app_testTests.swift in Sources */,
			);
			runOnlyForDeploymentPostprocessing = 0;
		};
		C83D7B1F2C27BD790095A045 /* Sources */ = {
			isa = PBXSourcesBuildPhase;
			buildActionMask = 2147483647;
			files = (
				C83D7B2A2C27BD790095A045 /* macos_app_testUITestsLaunchTests.swift in Sources */,
				C83D7B282C27BD790095A045 /* macos_app_testUITests.swift in Sources */,
			);
			runOnlyForDeploymentPostprocessing = 0;
		};
/* End PBXSourcesBuildPhase section */

/* Begin PBXTargetDependency section */
		C83D7B1B2C27BD790095A045 /* PBXTargetDependency */ = {
			isa = PBXTargetDependency;
			target = C83D7B072C27BD770095A045 /* macos_app_test */;
			targetProxy = C83D7B1A2C27BD790095A045 /* PBXContainerItemProxy */;
		};
		C83D7B252C27BD790095A045 /* PBXTargetDependency */ = {
			isa = PBXTargetDependency;
			target = C83D7B072C27BD770095A045 /* macos_app_test */;
			targetProxy = C83D7B242C27BD790095A045 /* PBXContainerItemProxy */;
		};
/* End PBXTargetDependency section */

/* Begin XCBuildConfiguration section */
		C83D7B2B2C27BD790095A045 /* Debug */ = {
			isa = XCBuildConfiguration;
			buildSettings = {
				ALWAYS_SEARCH_USER_PATHS = NO;
				ASSETCATALOG_COMPILER_GENERATE_SWIFT_ASSET_SYMBOL_EXTENSIONS = YES;
				CLANG_ANALYZER_NONNULL = YES;
				CLANG_ANALYZER_NUMBER_OBJECT_CONVERSION = YES_AGGRESSIVE;
				CLANG_CXX_LANGUAGE_STANDARD = "gnu++20";
				CLANG_ENABLE_MODULES = YES;
				CLANG_ENABLE_OBJC_ARC = YES;
				CLANG_ENABLE_OBJC_WEAK = YES;
				CLANG_WARN_BLOCK_CAPTURE_AUTORELEASING = YES;
				CLANG_WARN_BOOL_CONVERSION = YES;
				CLANG_WARN_COMMA = YES;
				CLANG_WARN_CONSTANT_CONVERSION = YES;
				CLANG_WARN_DEPRECATED_OBJC_IMPLEMENTATIONS = YES;
				CLANG_WARN_DIRECT_OBJC_ISA_USAGE = YES_ERROR;
				CLANG_WARN_DOCUMENTATION_COMMENTS = YES;
				CLANG_WARN_EMPTY_BODY = YES;
				CLANG_WARN_ENUM_CONVERSION = YES;
				CLANG_WARN_INFINITE_RECURSION = YES;
				CLANG_WARN_INT_CONVERSION = YES;
				CLANG_WARN_NON_LITERAL_NULL_CONVERSION = YES;
				CLANG_WARN_OBJC_IMPLICIT_RETAIN_SELF = YES;
				CLANG_WARN_OBJC_LITERAL_CONVERSION = YES;
				CLANG_WARN_OBJC_ROOT_CLASS = YES_ERROR;
				CLANG_WARN_QUOTED_INCLUDE_IN_FRAMEWORK_HEADER = YES;
				CLANG_WARN_RANGE_LOOP_ANALYSIS = YES;
				CLANG_WARN_STRICT_PROTOTYPES = YES;
				CLANG_WARN_SUSPICIOUS_MOVE = YES;
				CLANG_WARN_UNGUARDED_AVAILABILITY = YES_AGGRESSIVE;
				CLANG_WARN_UNREACHABLE_CODE = YES;
				CLANG_WARN__DUPLICATE_METHOD_MATCH = YES;
				COPY_PHASE_STRIP = NO;
				DEBUG_INFORMATION_FORMAT = dwarf;
				ENABLE_STRICT_OBJC_MSGSEND = YES;
				ENABLE_TESTABILITY = YES;
				ENABLE_USER_SCRIPT_SANDBOXING = YES;
				GCC_C_LANGUAGE_STANDARD = gnu17;
				GCC_DYNAMIC_NO_PIC = NO;
				GCC_NO_COMMON_BLOCKS = YES;
				GCC_OPTIMIZATION_LEVEL = 0;
				GCC_PREPROCESSOR_DEFINITIONS = (
					"DEBUG=1",
					"$(inherited)",
				);
				GCC_WARN_64_TO_32_BIT_CONVERSION = YES;
				GCC_WARN_ABOUT_RETURN_TYPE = YES_ERROR;
				GCC_WARN_UNDECLARED_SELECTOR = YES;
				GCC_WARN_UNINITIALIZED_AUTOS = YES_AGGRESSIVE;
				GCC_WARN_UNUSED_FUNCTION = YES;
				GCC_WARN_UNUSED_VARIABLE = YES;
				LOCALIZATION_PREFERS_STRING_CATALOGS = YES;
				MTL_ENABLE_DEBUG_INFO = INCLUDE_SOURCE;
				MTL_FAST_MATH = YES;
				ONLY_ACTIVE_ARCH = YES;
				SWIFT_ACTIVE_COMPILATION_CONDITIONS = "DEBUG $(inherited)";
				SWIFT_OPTIMIZATION_LEVEL = "-Onone";
			};
			name = Debug;
		};
		C83D7B2C2C27BD790095A045 /* Release */ = {
			isa = XCBuildConfiguration;
			buildSettings = {
				ALWAYS_SEARCH_USER_PATHS = NO;
				ASSETCATALOG_COMPILER_GENERATE_SWIFT_ASSET_SYMBOL_EXTENSIONS = YES;
				CLANG_ANALYZER_NONNULL = YES;
				CLANG_ANALYZER_NUMBER_OBJECT_CONVERSION = YES_AGGRESSIVE;
				CLANG_CXX_LANGUAGE_STANDARD = "gnu++20";
				CLANG_ENABLE_MODULES = YES;
				CLANG_ENABLE_OBJC_ARC = YES;
				CLANG_ENABLE_OBJC_WEAK = YES;
				CLANG_WARN_BLOCK_CAPTURE_AUTORELEASING = YES;
				CLANG_WARN_BOOL_CONVERSION = YES;
				CLANG_WARN_COMMA = YES;
				CLANG_WARN_CONSTANT_CONVERSION = YES;
				CLANG_WARN_DEPRECATED_OBJC_IMPLEMENTATIONS = YES;
				CLANG_WARN_DIRECT_OBJC_ISA_USAGE = YES_ERROR;
				CLANG_WARN_DOCUMENTATION_COMMENTS = YES;
				CLANG_WARN_EMPTY_BODY = YES;
				CLANG_WARN_ENUM_CONVERSION = YES;
				CLANG_WARN_INFINITE_RECURSION = YES;
				CLANG_WARN_INT_CONVERSION = YES;
				CLANG_WARN_NON_LITERAL_NULL_CONVERSION = YES;
				CLANG_WARN_OBJC_IMPLICIT_RETAIN_SELF = YES;
				CLANG_WARN_OBJC_LITERAL_CONVERSION = YES;
				CLANG_WARN_OBJC_ROOT_CLASS = YES_ERROR;
				CLANG_WARN_QUOTED_INCLUDE_IN_FRAMEWORK_HEADER = YES;
				CLANG_WARN_RANGE_LOOP_ANALYSIS = YES;
				CLANG_WARN_STRICT_PROTOTYPES = YES;
				CLANG_WARN_SUSPICIOUS_MOVE = YES;
				CLANG_WARN_UNGUARDED_AVAILABILITY = YES_AGGRESSIVE;
				CLANG_WARN_UNREACHABLE_CODE = YES;
				CLANG_WARN__DUPLICATE_METHOD_MATCH = YES;
				COPY_PHASE_STRIP = NO;
				DEBUG_INFORMATION_FORMAT = "dwarf-with-dsym";
				ENABLE_NS_ASSERTIONS = NO;
				ENABLE_STRICT_OBJC_MSGSEND = YES;
				ENABLE_USER_SCRIPT_SANDBOXING = YES;
				GCC_C_LANGUAGE_STANDARD = gnu17;
				GCC_NO_COMMON_BLOCKS = YES;
				GCC_WARN_64_TO_32_BIT_CONVERSION = YES;
				GCC_WARN_ABOUT_RETURN_TYPE = YES_ERROR;
				GCC_WARN_UNDECLARED_SELECTOR = YES;
				GCC_WARN_UNINITIALIZED_AUTOS = YES_AGGRESSIVE;
				GCC_WARN_UNUSED_FUNCTION = YES;
				GCC_WARN_UNUSED_VARIABLE = YES;
				LOCALIZATION_PREFERS_STRING_CATALOGS = YES;
				MTL_ENABLE_DEBUG_INFO = NO;
				MTL_FAST_MATH = YES;
				SWIFT_COMPILATION_MODE = wholemodule;
			};
			name = Release;
		};
		C83D7B2E2C27BD790095A045 /* Debug */ = {
			isa = XCBuildConfiguration;
			buildSettings = {
				ASSETCATALOG_COMPILER_APPICON_NAME = AppIcon;
				ASSETCATALOG_COMPILER_GLOBAL_ACCENT_COLOR_NAME = AccentColor;
				CODE_SIGN_ENTITLEMENTS = macos_app_test/macos_app_test.entitlements;
				CODE_SIGN_STYLE = Automatic;
				CURRENT_PROJECT_VERSION = 1;
				DEVELOPMENT_ASSET_PATHS = "\"macos_app_test/Preview Content\"";
				ENABLE_PREVIEWS = YES;
				GENERATE_INFOPLIST_FILE = YES;
				"INFOPLIST_KEY_UIApplicationSceneManifest_Generation[sdk=iphoneos*]" = YES;
				"INFOPLIST_KEY_UIApplicationSceneManifest_Generation[sdk=iphonesimulator*]" = YES;
				"INFOPLIST_KEY_UIApplicationSupportsIndirectInputEvents[sdk=iphoneos*]" = YES;
				"INFOPLIST_KEY_UIApplicationSupportsIndirectInputEvents[sdk=iphonesimulator*]" = YES;
				"INFOPLIST_KEY_UILaunchScreen_Generation[sdk=iphoneos*]" = YES;
				"INFOPLIST_KEY_UILaunchScreen_Generation[sdk=iphonesimulator*]" = YES;
				"INFOPLIST_KEY_UIStatusBarStyle[sdk=iphoneos*]" = UIStatusBarStyleDefault;
				"INFOPLIST_KEY_UIStatusBarStyle[sdk=iphonesimulator*]" = UIStatusBarStyleDefault;
				INFOPLIST_KEY_UISupportedInterfaceOrientations_iPad = "UIInterfaceOrientationPortrait UIInterfaceOrientationPortraitUpsideDown UIInterfaceOrientationLandscapeLeft UIInterfaceOrientationLandscapeRight";
				INFOPLIST_KEY_UISupportedInterfaceOrientations_iPhone = "UIInterfaceOrientationPortrait UIInterfaceOrientationLandscapeLeft UIInterfaceOrientationLandscapeRight";
				IPHONEOS_DEPLOYMENT_TARGET = 17.2;
				LD_RUNPATH_SEARCH_PATHS = "@executable_path/Frameworks";
				"LD_RUNPATH_SEARCH_PATHS[sdk=macosx*]" = "@executable_path/../Frameworks";
				MACOSX_DEPLOYMENT_TARGET = 13.6;
				MARKETING_VERSION = 1.0;
				PRODUCT_BUNDLE_IDENTIFIER = "comoco.macos-app-test";
				PRODUCT_NAME = "$(TARGET_NAME)";
				SDKROOT = auto;
				SUPPORTED_PLATFORMS = "iphoneos iphonesimulator macosx";
				SWIFT_EMIT_LOC_STRINGS = YES;
				SWIFT_VERSION = 5.0;
				TARGETED_DEVICE_FAMILY = "1,2";
			};
			name = Debug;
		};
		C83D7B2F2C27BD790095A045 /* Release */ = {
			isa = XCBuildConfiguration;
			buildSettings = {
				ASSETCATALOG_COMPILER_APPICON_NAME = AppIcon;
				ASSETCATALOG_COMPILER_GLOBAL_ACCENT_COLOR_NAME = AccentColor;
				CODE_SIGN_ENTITLEMENTS = macos_app_test/macos_app_test.entitlements;
				CODE_SIGN_STYLE = Automatic;
				CURRENT_PROJECT_VERSION = 1;
				DEVELOPMENT_ASSET_PATHS = "\"macos_app_test/Preview Content\"";
				ENABLE_PREVIEWS = YES;
				GENERATE_INFOPLIST_FILE = YES;
				"INFOPLIST_KEY_UIApplicationSceneManifest_Generation[sdk=iphoneos*]" = YES;
				"INFOPLIST_KEY_UIApplicationSceneManifest_Generation[sdk=iphonesimulator*]" = YES;
				"INFOPLIST_KEY_UIApplicationSupportsIndirectInputEvents[sdk=iphoneos*]" = YES;
				"INFOPLIST_KEY_UIApplicationSupportsIndirectInputEvents[sdk=iphonesimulator*]" = YES;
				"INFOPLIST_KEY_UILaunchScreen_Generation[sdk=iphoneos*]" = YES;
				"INFOPLIST_KEY_UILaunchScreen_Generation[sdk=iphonesimulator*]" = YES;
				"INFOPLIST_KEY_UIStatusBarStyle[sdk=iphoneos*]" = UIStatusBarStyleDefault;
				"INFOPLIST_KEY_UIStatusBarStyle[sdk=iphonesimulator*]" = UIStatusBarStyleDefault;
				INFOPLIST_KEY_UISupportedInterfaceOrientations_iPad = "UIInterfaceOrientationPortrait UIInterfaceOrientationPortraitUpsideDown UIInterfaceOrientationLandscapeLeft UIInterfaceOrientationLandscapeRight";
				INFOPLIST_KEY_UISupportedInterfaceOrientations_iPhone = "UIInterfaceOrientationPortrait UIInterfaceOrientationLandscapeLeft UIInterfaceOrientationLandscapeRight";
				IPHONEOS_DEPLOYMENT_TARGET = 17.2;
				LD_RUNPATH_SEARCH_PATHS = "@executable_path/Frameworks";
				"LD_RUNPATH_SEARCH_PATHS[sdk=macosx*]" = "@executable_path/../Frameworks";
				MACOSX_DEPLOYMENT_TARGET = 13.6;
				MARKETING_VERSION = 1.0;
				PRODUCT_BUNDLE_IDENTIFIER = "comoco.macos-app-test";
				PRODUCT_NAME = "$(TARGET_NAME)";
				SDKROOT = auto;
				SUPPORTED_PLATFORMS = "iphoneos iphonesimulator macosx";
				SWIFT_EMIT_LOC_STRINGS = YES;
				SWIFT_VERSION = 5.0;
				TARGETED_DEVICE_FAMILY = "1,2";
			};
			name = Release;
		};
		C83D7B312C27BD790095A045 /* Debug */ = {
			isa = XCBuildConfiguration;
			buildSettings = {
				ALWAYS_EMBED_SWIFT_STANDARD_LIBRARIES = YES;
				BUNDLE_LOADER = "$(TEST_HOST)";
				CODE_SIGN_STYLE = Automatic;
				CURRENT_PROJECT_VERSION = 1;
				GENERATE_INFOPLIST_FILE = YES;
				IPHONEOS_DEPLOYMENT_TARGET = 17.2;
				MACOSX_DEPLOYMENT_TARGET = 13.6;
				MARKETING_VERSION = 1.0;
				PRODUCT_BUNDLE_IDENTIFIER = "comoco.macos-app-testTests";
				PRODUCT_NAME = "$(TARGET_NAME)";
				SDKROOT = auto;
				SUPPORTED_PLATFORMS = "iphoneos iphonesimulator macosx";
				SWIFT_EMIT_LOC_STRINGS = NO;
				SWIFT_VERSION = 5.0;
				TARGETED_DEVICE_FAMILY = "1,2";
				TEST_HOST = "$(BUILT_PRODUCTS_DIR)/macos_app_test.app/$(BUNDLE_EXECUTABLE_FOLDER_PATH)/macos_app_test";
			};
			name = Debug;
		};
		C83D7B322C27BD790095A045 /* Release */ = {
			isa = XCBuildConfiguration;
			buildSettings = {
				ALWAYS_EMBED_SWIFT_STANDARD_LIBRARIES = YES;
				BUNDLE_LOADER = "$(TEST_HOST)";
				CODE_SIGN_STYLE = Automatic;
				CURRENT_PROJECT_VERSION = 1;
				GENERATE_INFOPLIST_FILE = YES;
				IPHONEOS_DEPLOYMENT_TARGET = 17.2;
				MACOSX_DEPLOYMENT_TARGET = 13.6;
				MARKETING_VERSION = 1.0;
				PRODUCT_BUNDLE_IDENTIFIER = "comoco.macos-app-testTests";
				PRODUCT_NAME = "$(TARGET_NAME)";
				SDKROOT = auto;
				SUPPORTED_PLATFORMS = "iphoneos iphonesimulator macosx";
				SWIFT_EMIT_LOC_STRINGS = NO;
				SWIFT_VERSION = 5.0;
				TARGETED_DEVICE_FAMILY = "1,2";
				TEST_HOST = "$(BUILT_PRODUCTS_DIR)/macos_app_test.app/$(BUNDLE_EXECUTABLE_FOLDER_PATH)/macos_app_test";
			};
			name = Release;
		};
		C83D7B342C27BD790095A045 /* Debug */ = {
			isa = XCBuildConfiguration;
			buildSettings = {
				ALWAYS_EMBED_SWIFT_STANDARD_LIBRARIES = YES;
				CODE_SIGN_STYLE = Automatic;
				CURRENT_PROJECT_VERSION = 1;
				GENERATE_INFOPLIST_FILE = YES;
				IPHONEOS_DEPLOYMENT_TARGET = 17.2;
				MACOSX_DEPLOYMENT_TARGET = 13.6;
				MARKETING_VERSION = 1.0;
				PRODUCT_BUNDLE_IDENTIFIER = "comoco.macos-app-testUITests";
				PRODUCT_NAME = "$(TARGET_NAME)";
				SDKROOT = auto;
				SUPPORTED_PLATFORMS = "iphoneos iphonesimulator macosx";
				SWIFT_EMIT_LOC_STRINGS = NO;
				SWIFT_VERSION = 5.0;
				TARGETED_DEVICE_FAMILY = "1,2";
				TEST_TARGET_NAME = macos_app_test;
			};
			name = Debug;
		};
		C83D7B352C27BD790095A045 /* Release */ = {
			isa = XCBuildConfiguration;
			buildSettings = {
				ALWAYS_EMBED_SWIFT_STANDARD_LIBRARIES = YES;
				CODE_SIGN_STYLE = Automatic;
				CURRENT_PROJECT_VERSION = 1;
				GENERATE_INFOPLIST_FILE = YES;
				IPHONEOS_DEPLOYMENT_TARGET = 17.2;
				MACOSX_DEPLOYMENT_TARGET = 13.6;
				MARKETING_VERSION = 1.0;
				PRODUCT_BUNDLE_IDENTIFIER = "comoco.macos-app-testUITests";
				PRODUCT_NAME = "$(TARGET_NAME)";
				SDKROOT = auto;
				SUPPORTED_PLATFORMS = "iphoneos iphonesimulator macosx";
				SWIFT_EMIT_LOC_STRINGS = NO;
				SWIFT_VERSION = 5.0;
				TARGETED_DEVICE_FAMILY = "1,2";
				TEST_TARGET_NAME = macos_app_test;
			};
			name = Release;
		};
/* End XCBuildConfiguration section */

/* Begin XCConfigurationList section */
		C83D7B032C27BD770095A045 /* Build configuration list for PBXProject "macos_app_test" */ = {
			isa = XCConfigurationList;
			buildConfigurations = (
				C83D7B2B2C27BD790095A045 /* Debug */,
				C83D7B2C2C27BD790095A045 /* Release */,
			);
			defaultConfigurationIsVisible = 0;
			defaultConfigurationName = Release;
		};
		C83D7B2D2C27BD790095A045 /* Build configuration list for PBXNativeTarget "macos_app_test" */ = {
			isa = XCConfigurationList;
			buildConfigurations = (
				C83D7B2E2C27BD790095A045 /* Debug */,
				C83D7B2F2C27BD790095A045 /* Release */,
			);
			defaultConfigurationIsVisible = 0;
			defaultConfigurationName = Release;
		};
		C83D7B302C27BD790095A045 /* Build configuration list for PBXNativeTarget "macos_app_testTests" */ = {
			isa = XCConfigurationList;
			buildConfigurations = (
				C83D7B312C27BD790095A045 /* Debug */,
				C83D7B322C27BD790095A045 /* Release */,
			);
			defaultConfigurationIsVisible = 0;
			defaultConfigurationName = Release;
		};
		C83D7B332C27BD790095A045 /* Build configuration list for PBXNativeTarget "macos_app_testUITests" */ = {
			isa = XCConfigurationList;
			buildConfigurations = (
				C83D7B342C27BD790095A045 /* Debug */,
				C83D7B352C27BD790095A045 /* Release */,
			);
			defaultConfigurationIsVisible = 0;
			defaultConfigurationName = Release;
		};
/* End XCConfigurationList section */
	};
	rootObject = C83D7B002C27BD770095A045 /* Project object */;
}
